
Microsoft Visual Studio Solution File, Format Version 12.00
# Visual Studio 15
Project("{FAE04EC0-301F-11D3-BF4B-00C04F79EFBC}") = "Assembly-CSharp", "Assembly-CSharp.csproj", "{532BA344-5A68-4535-AB6B-EF91E2B71F92}"
EndProject
Project("{FAE04EC0-301F-11D3-BF4B-00C04F79EFBC}") = "Assembly-CSharp-Editor", "Assembly-CSharp-Editor.csproj", "{D5BA1D62-69D7-A823-80C9-C4EB50CA85C5}"
EndProject
Global
	GlobalSection(SolutionConfigurationPlatforms) = preSolution
		Debug|Any CPU = Debug|Any CPU
		Release|Any CPU = Release|Any CPU
	EndGlobalSection
	GlobalSection(ProjectConfigurationPlatforms) = postSolution
		{532BA344-5A68-4535-AB6B-EF91E2B71F92}.Debug|Any CPU.ActiveCfg = Debug|Any CPU
		{532BA344-5A68-4535-AB6B-EF91E2B71F92}.Debug|Any CPU.Build.0 = Debug|Any CPU
		{532BA344-5A68-4535-AB6B-EF91E2B71F92}.Release|Any CPU.ActiveCfg = Release|Any CPU
		{532BA344-5A68-4535-AB6B-EF91E2B71F92}.Release|Any CPU.Build.0 = Release|Any CPU
		{D5BA1D62-69D7-A823-80C9-C4EB50CA85C5}.Debug|Any CPU.ActiveCfg = Debug|Any CPU
		{D5BA1D62-69D7-A823-80C9-C4EB50CA85C5}.Debug|Any CPU.Build.0 = Debug|Any CPU
		{D5BA1D62-69D7-A823-80C9-C4EB50CA85C5}.Release|Any CPU.ActiveCfg = Release|Any CPU
		{D5BA1D62-69D7-A823-80C9-C4EB50CA85C5}.Release|Any CPU.Build.0 = Release|Any CPU
	EndGlobalSection
	GlobalSection(SolutionProperties) = preSolution
		HideSolutionNode = FALSE
	EndGlobalSection
EndGlobal
